Microsoft Visual Studio Solution File, Format Version 11.00
# Visual Studio 2008

Project("{054CEE00-3628-23E9-9FED-11D0A310842E}") = "BallTanks", "Assembly-CSharp-firstpass.csproj", "{78BDE17A-AB68-8801-9442-EAB66A39C772}"
EndProject
Project("{054CEE00-3628-23E9-9FED-11D0A310842E}") = "BallTanks", "Assembly-CSharp.csproj", "{5D0FF2DA-AA75-86AE-CBBF-995A69CAECDA}"
EndProject
Project("{054CEE00-3628-23E9-9FED-11D0A310842E}") = "BallTanks", "Assembly-CSharp-Editor-firstpass.csproj", "{D81B183D-E15D-1F6F-B27B-AB0CC1589049}"
EndProject
Global
	GlobalSection(SolutionConfigurationPlatforms) = preSolution
		Debug|Any CPU = Debug|Any CPU
		Release|Any CPU = Release|Any CPU
	EndGlobalSection
	GlobalSection(ProjectConfigurationPlatforms) = postSolution
		{78BDE17A-AB68-8801-9442-EAB66A39C772}.Debug|Any CPU.ActiveCfg = Debug|Any CPU
		{78BDE17A-AB68-8801-9442-EAB66A39C772}.Debug|Any CPU.Build.0 = Debug|Any CPU
		{78BDE17A-AB68-8801-9442-EAB66A39C772}.Release|Any CPU.ActiveCfg = Release|Any CPU
		{78BDE17A-AB68-8801-9442-EAB66A39C772}.Release|Any CPU.Build.0 = Release|Any CPU
		{5D0FF2DA-AA75-86AE-CBBF-995A69CAECDA}.Debug|Any CPU.ActiveCfg = Debug|Any CPU
		{5D0FF2DA-AA75-86AE-CBBF-995A69CAECDA}.Debug|Any CPU.Build.0 = Debug|Any CPU
		{5D0FF2DA-AA75-86AE-CBBF-995A69CAECDA}.Release|Any CPU.ActiveCfg = Release|Any CPU
		{5D0FF2DA-AA75-86AE-CBBF-995A69CAECDA}.Release|Any CPU.Build.0 = Release|Any CPU
		{D81B183D-E15D-1F6F-B27B-AB0CC1589049}.Debug|Any CPU.ActiveCfg = Debug|Any CPU
		{D81B183D-E15D-1F6F-B27B-AB0CC1589049}.Debug|Any CPU.Build.0 = Debug|Any CPU
		{D81B183D-E15D-1F6F-B27B-AB0CC1589049}.Release|Any CPU.ActiveCfg = Release|Any CPU
		{D81B183D-E15D-1F6F-B27B-AB0CC1589049}.Release|Any CPU.Build.0 = Release|Any CPU
	EndGlobalSection
	GlobalSection(SolutionProperties) = preSolution
		HideSolutionNode = FALSE
	EndGlobalSection
																																																																			GlobalSection(MonoDevelopProperties) = preSolution
		StartupItem = Assembly-CSharp.csproj
		Policies = $0
		$0.TextStylePolicy = $1
		$1.inheritsSet = null
		$1.scope = text/x-csharp
		$0.CSharpFormattingPolicy = $2
		$2.inheritsSet = Mono
		$2.inheritsScope = text/x-csharp
		$2.scope = text/x-csharp
		$0.TextStylePolicy = $3
		$3.FileWidth = 120
		$3.TabWidth = 4
		$3.EolMarker = Unix
		$3.inheritsSet = Mono
		$3.inheritsScope = text/plain
		$3.scope = text/plain
	EndGlobalSection

EndGlobal
